
Microsoft Visual Studio Solution File, Format Version 12.00
# Visual Studio Version 17
VisualStudioVersion = 17.4.33110.190
MinimumVisualStudioVersion = 10.0.40219.1
Project("{FAE04EC0-301F-11D3-BF4B-00C04F79EFBC}") = "Walks.Api", "Walks.Api\Walks.Api.csproj", "{DFD75CE4-65F1-48C9-B798-FED5B53FCC3B}"
EndProject
Global
	GlobalSection(SolutionConfigurationPlatforms) = preSolution
		Debug|Any CPU = Debug|Any CPU
		Release|Any CPU = Release|Any CPU
	EndGlobalSection
	GlobalSection(ProjectConfigurationPlatforms) = postSolution
		{DFD75CE4-65F1-48C9-B798-FED5B53FCC3B}.Debug|Any CPU.ActiveCfg = Debug|Any CPU
		{DFD75CE4-65F1-48C9-B798-FED5B53FCC3B}.Debug|Any CPU.Build.0 = Debug|Any CPU
		{DFD75CE4-65F1-48C9-B798-FED5B53FCC3B}.Release|Any CPU.ActiveCfg = Release|Any CPU
		{DFD75CE4-65F1-48C9-B798-FED5B53FCC3B}.Release|Any CPU.Build.0 = Release|Any CPU
	EndGlobalSection
	GlobalSection(SolutionProperties) = preSolution
		HideSolutionNode = FALSE
	EndGlobalSection
	GlobalSection(ExtensibilityGlobals) = postSolution
		SolutionGuid = {5BBF7CEA-9EDC-4E52-B633-5E29BE2CA2C0}
	EndGlobalSection
EndGlobal
