
Microsoft Visual Studio Solution File, Format Version 12.00
# Visual Studio Version 17
VisualStudioVersion = 17.4.33110.190
MinimumVisualStudioVersion = 10.0.40219.1
Project("{FAE04EC0-301F-11D3-BF4B-00C04F79EFBC}") = "TallerMVC", "TallerMVC\TallerMVC.csproj", "{3042C47C-68A9-4A25-812F-B70D7A23934F}"
EndProject
Global
	GlobalSection(SolutionConfigurationPlatforms) = preSolution
		Debug|Any CPU = Debug|Any CPU
		Release|Any CPU = Release|Any CPU
	EndGlobalSection
	GlobalSection(ProjectConfigurationPlatforms) = postSolution
		{3042C47C-68A9-4A25-812F-B70D7A23934F}.Debug|Any CPU.ActiveCfg = Debug|Any CPU
		{3042C47C-68A9-4A25-812F-B70D7A23934F}.Debug|Any CPU.Build.0 = Debug|Any CPU
		{3042C47C-68A9-4A25-812F-B70D7A23934F}.Release|Any CPU.ActiveCfg = Release|Any CPU
		{3042C47C-68A9-4A25-812F-B70D7A23934F}.Release|Any CPU.Build.0 = Release|Any CPU
	EndGlobalSection
	GlobalSection(SolutionProperties) = preSolution
		HideSolutionNode = FALSE
	EndGlobalSection
	GlobalSection(ExtensibilityGlobals) = postSolution
		SolutionGuid = {B18CA67F-E3DC-4A7F-A112-DD7C3C336A71}
	EndGlobalSection
EndGlobal
